
Microsoft Visual Studio Solution File, Format Version 12.00
# Visual Studio Version 17
VisualStudioVersion = 17.14.36221.1 d17.14
MinimumVisualStudioVersion = 10.0.40219.1
Project("{888888A0-9F3D-457C-B088-3A5042F75D52}") = "Day7_Exceptions", "Day7_Exceptions\Day7_Exceptions.pyproj", "{1061A8EF-DA07-4D5F-B5A3-8770B38C821C}"
EndProject
Global
	GlobalSection(SolutionConfigurationPlatforms) = preSolution
		Debug|Any CPU = Debug|Any CPU
		Release|Any CPU = Release|Any CPU
	EndGlobalSection
	GlobalSection(ProjectConfigurationPlatforms) = postSolution
		{1061A8EF-DA07-4D5F-B5A3-8770B38C821C}.Debug|Any CPU.ActiveCfg = Debug|Any CPU
		{1061A8EF-DA07-4D5F-B5A3-8770B38C821C}.Release|Any CPU.ActiveCfg = Release|Any CPU
	EndGlobalSection
	GlobalSection(SolutionProperties) = preSolution
		HideSolutionNode = FALSE
	EndGlobalSection
	GlobalSection(ExtensibilityGlobals) = postSolution
		SolutionGuid = {9A2D9E0E-C31D-4E14-AB74-BA406E2748BE}
	EndGlobalSection
EndGlobal
