
Microsoft Visual Studio Solution File, Format Version 12.00
# Visual Studio Version 17
VisualStudioVersion = 17.14.36221.1 d17.14
MinimumVisualStudioVersion = 10.0.40219.1
Project("{888888A0-9F3D-457C-B088-3A5042F75D52}") = "Day13_Data_Visualization", "Day13_Data_Visualization\Day13_Data_Visualization.pyproj", "{8916972B-B106-4370-95B6-1EF3F74F9E95}"
EndProject
Global
	GlobalSection(SolutionConfigurationPlatforms) = preSolution
		Debug|Any CPU = Debug|Any CPU
		Release|Any CPU = Release|Any CPU
	EndGlobalSection
	GlobalSection(ProjectConfigurationPlatforms) = postSolution
		{8916972B-B106-4370-95B6-1EF3F74F9E95}.Debug|Any CPU.ActiveCfg = Debug|Any CPU
		{8916972B-B106-4370-95B6-1EF3F74F9E95}.Release|Any CPU.ActiveCfg = Release|Any CPU
	EndGlobalSection
	GlobalSection(SolutionProperties) = preSolution
		HideSolutionNode = FALSE
	EndGlobalSection
	GlobalSection(ExtensibilityGlobals) = postSolution
		SolutionGuid = {9A5D9873-EFB5-4ECA-A45D-54C8C6CAAB5F}
	EndGlobalSection
EndGlobal
